{
  "lockfileVersion": 1,
  "configVersion": 1,
  "workspaces": {
    "": {
      "name": "toolkit",
      "dependencies": {
        "bunmaska": "^0.1.0-alpha.6",
      },
    },
  },
  "packages": {
    "bunmaska": ["bunmaska@0.1.0-alpha.6", "", { "os": [ "linux", "win32", "darwin", ], "bin": { "bunmaska": "src/cli/index.ts" } }, "sha512-upExoLW1dqS69pmPEWfOFTMpez+Xthi1Z6aoUfFU7E5TJRK5IDLBmrb9QHu0Kl9rQvphNAru5uO7pEN0OUuXLQ=="],
  }
}
